// !$*UTF8*$!
{
	archiveVersion = 1;
	classes = {
	};
	objectVersion = 56;
	objects = {

/* Begin PBXBuildFile section */
		04D7E6B029A64ABD000FDB23 /* war_card_gameApp.swift in Sources */ = {isa = PBXBuildFile; fileRef = 04D7E6AF29A64ABD000FDB23 /* war_card_gameApp.swift */; };
		04D7E6B229A64ABD000FDB23 /* ContentView.swift in Sources */ = {isa = PBXBuildFile; fileRef = 04D7E6B129A64ABD000FDB23 /* ContentView.swift */; };
		04D7E6B429A64ABF000FDB23 /* Assets.xcassets in Resources */ = {isa = PBXBuildFile; fileRef = 04D7E6B329A64ABF000FDB23 /* Assets.xcassets */; };
		04D7E6B729A64ABF000FDB23 /* Preview Assets.xcassets in Resources */ = {isa = PBXBuildFile; fileRef = 04D7E6B629A64ABF000FDB23 /* Preview Assets.xcassets */; };
		04D7E6C129A64AC0000FDB23 /* war_card_gameTests.swift in Sources */ = {isa = PBXBuildFile; fileRef = 04D7E6C029A64AC0000FDB23 /* war_card_gameTests.swift */; };
		04D7E6CB29A64AC0000FDB23 /* war_card_gameUITests.swift in Sources */ = {isa = PBXBuildFile; fileRef = 04D7E6CA29A64AC0000FDB23 /* war_card_gameUITests.swift */; };
		04D7E6CD29A64AC0000FDB23 /* war_card_gameUITestsLaunchTests.swift in Sources */ = {isa = PBXBuildFile; fileRef = 04D7E6CC29A64AC0000FDB23 /* war_card_gameUITestsLaunchTests.swift */; };
/* End PBXBuildFile section */

/* Begin PBXContainerItemProxy section */
		04D7E6BD29A64AC0000FDB23 /* PBXContainerItemProxy */ = {
			isa = PBXContainerItemProxy;
			containerPortal = 04D7E6A429A64ABD000FDB23 /* Project object */;
			proxyType = 1;
			remoteGlobalIDString = 04D7E6AB29A64ABD000FDB23;
			remoteInfo = war_card_game;
		};
		04D7E6C729A64AC0000FDB23 /* PBXContainerItemProxy */ = {
			isa = PBXContainerItemProxy;
			containerPortal = 04D7E6A429A64ABD000FDB23 /* Project object */;
			proxyType = 1;
			remoteGlobalIDString = 04D7E6AB29A64ABD000FDB23;
			remoteInfo = war_card_game;
		};
/* End PBXContainerItemProxy section */

/* Begin PBXFileReference section */
		04D7E6AC29A64ABD000FDB23 /* war_card_game.app */ = {isa = PBXFileReference; explicitFileType = wrapper.application; includeInIndex = 0; path = war_card_game.app; sourceTree = BUILT_PRODUCTS_DIR; };
		04D7E6AF29A64ABD000FDB23 /* war_card_gameApp.swift */ = {isa = PBXFileReference; lastKnownFileType = sourcecode.swift; path = war_card_gameApp.swift; sourceTree = "<group>"; };
		04D7E6B129A64ABD000FDB23 /* ContentView.swift */ = {isa = PBXFileReference; lastKnownFileType = sourcecode.swift; path = ContentView.swift; sourceTree = "<group>"; };
		04D7E6B329A64ABF000FDB23 /* Assets.xcassets */ = {isa = PBXFileReference; lastKnownFileType = folder.assetcatalog; path = Assets.xcassets; sourceTree = "<group>"; };
		04D7E6B629A64ABF000FDB23 /* Preview Assets.xcassets */ = {isa = PBXFileReference; lastKnownFileType = folder.assetcatalog; path = "Preview Assets.xcassets"; sourceTree = "<group>"; };
		04D7E6BC29A64AC0000FDB23 /* war_card_gameTests.xctest */ = {isa = PBXFileReference; explicitFileType = wrapper.cfbundle; includeInIndex = 0; path = war_card_gameTests.xctest; sourceTree = BUILT_PRODUCTS_DIR; };
		04D7E6C029A64AC0000FDB23 /* war_card_gameTests.swift */ = {isa = PBXFileReference; lastKnownFileType = sourcecode.swift; path = war_card_gameTests.swift; sourceTree = "<group>"; };
		04D7E6C629A64AC0000FDB23 /* war_card_gameUITests.xctest */ = {isa = PBXFileReference; explicitFileType = wrapper.cfbundle; includeInIndex = 0; path = war_card_gameUITests.xctest; sourceTree = BUILT_PRODUCTS_DIR; };
		04D7E6CA29A64AC0000FDB23 /* war_card_gameUITests.swift */ = {isa = PBXFileReference; lastKnownFileType = sourcecode.swift; path = war_card_gameUITests.swift; sourceTree = "<group>"; };
		04D7E6CC29A64AC0000FDB23 /* war_card_gameUITestsLaunchTests.swift */ = {isa = PBXFileReference; lastKnownFileType = sourcecode.swift; path = war_card_gameUITestsLaunchTests.swift; sourceTree = "<group>"; };
/* End PBXFileReference section */

/* Begin PBXFrameworksBuildPhase section */
		04D7E6A929A64ABD000FDB23 /* Frameworks */ = {
			isa = PBXFrameworksBuildPhase;
			buildActionMask = 2147483647;
			files = (
			);
			runOnlyForDeploymentPostprocessing = 0;
		};
		04D7E6B929A64AC0000FDB23 /* Frameworks */ = {
			isa = PBXFrameworksBuildPhase;
			buildActionMask = 2147483647;
			files = (
			);
			runOnlyForDeploymentPostprocessing = 0;
		};
		04D7E6C329A64AC0000FDB23 /* Frameworks */ = {
			isa = PBXFrameworksBuildPhase;
			buildActionMask = 2147483647;
			files = (
			);
			runOnlyForDeploymentPostprocessing = 0;
		};
/* End PBXFrameworksBuildPhase section */

/* Begin PBXGroup section */
		04D7E6A329A64ABD000FDB23 = {
			isa = PBXGroup;
			children = (
				04D7E6AE29A64ABD000FDB23 /* war_card_game */,
				04D7E6BF29A64AC0000FDB23 /* war_card_gameTests */,
				04D7E6C929A64AC0000FDB23 /* war_card_gameUITests */,
				04D7E6AD29A64ABD000FDB23 /* Products */,
			);
			sourceTree = "<group>";
		};
		04D7E6AD29A64ABD000FDB23 /* Products */ = {
			isa = PBXGroup;
			children = (
				04D7E6AC29A64ABD000FDB23 /* war_card_game.app */,
				04D7E6BC29A64AC0000FDB23 /* war_card_gameTests.xctest */,
				04D7E6C629A64AC0000FDB23 /* war_card_gameUITests.xctest */,
			);
			name = Products;
			sourceTree = "<group>";
		};
		04D7E6AE29A64ABD000FDB23 /* war_card_game */ = {
			isa = PBXGroup;
			children = (
				04D7E6AF29A64ABD000FDB23 /* war_card_gameApp.swift */,
				04D7E6B129A64ABD000FDB23 /* ContentView.swift */,
				04D7E6B329A64ABF000FDB23 /* Assets.xcassets */,
				04D7E6B529A64ABF000FDB23 /* Preview Content */,
			);
			path = war_card_game;
			sourceTree = "<group>";
		};
		04D7E6B529A64ABF000FDB23 /* Preview Content */ = {
			isa = PBXGroup;
			children = (
				04D7E6B629A64ABF000FDB23 /* Preview Assets.xcassets */,
			);
			path = "Preview Content";
			sourceTree = "<group>";
		};
		04D7E6BF29A64AC0000FDB23 /* war_card_gameTests */ = {
			isa = PBXGroup;
			children = (
				04D7E6C029A64AC0000FDB23 /* war_card_gameTests.swift */,
			);
			path = war_card_gameTests;
			sourceTree = "<group>";
		};
		04D7E6C929A64AC0000FDB23 /* war_card_gameUITests */ = {
			isa = PBXGroup;
			children = (
				04D7E6CA29A64AC0000FDB23 /* war_card_gameUITests.swift */,
				04D7E6CC29A64AC0000FDB23 /* war_card_gameUITestsLaunchTests.swift */,
			);
			path = war_card_gameUITests;
			sourceTree = "<group>";
		};
/* End PBXGroup section */

/* Begin PBXNativeTarget section */
		04D7E6AB29A64ABD000FDB23 /* war_card_game */ = {
			isa = PBXNativeTarget;
			buildConfigurationList = 04D7E6D029A64AC0000FDB23 /* Build configuration list for PBXNativeTarget "war_card_game" */;
			buildPhases = (
				04D7E6A829A64ABD000FDB23 /* Sources */,
				04D7E6A929A64ABD000FDB23 /* Frameworks */,
				04D7E6AA29A64ABD000FDB23 /* Resources */,
			);
			buildRules = (
			);
			dependencies = (
			);
			name = war_card_game;
			productName = war_card_game;
			productReference = 04D7E6AC29A64ABD000FDB23 /* war_card_game.app */;
			productType = "com.apple.product-type.application";
		};
		04D7E6BB29A64AC0000FDB23 /* war_card_gameTests */ = {
			isa = PBXNativeTarget;
			buildConfigurationList = 04D7E6D329A64AC0000FDB23 /* Build configuration list for PBXNativeTarget "war_card_gameTests" */;
			buildPhases = (
				04D7E6B829A64AC0000FDB23 /* Sources */,
				04D7E6B929A64AC0000FDB23 /* Frameworks */,
				04D7E6BA29A64AC0000FDB23 /* Resources */,
			);
			buildRules = (
			);
			dependencies = (
				04D7E6BE29A64AC0000FDB23 /* PBXTargetDependency */,
			);
			name = war_card_gameTests;
			productName = war_card_gameTests;
			productReference = 04D7E6BC29A64AC0000FDB23 /* war_card_gameTests.xctest */;
			productType = "com.apple.product-type.bundle.unit-test";
		};
		04D7E6C529A64AC0000FDB23 /* war_card_gameUITests */ = {
			isa = PBXNativeTarget;
			buildConfigurationList = 04D7E6D629A64AC0000FDB23 /* Build configuration list for PBXNativeTarget "war_card_gameUITests" */;
			buildPhases = (
				04D7E6C229A64AC0000FDB23 /* Sources */,
				04D7E6C329A64AC0000FDB23 /* Frameworks */,
				04D7E6C429A64AC0000FDB23 /* Resources */,
			);
			buildRules = (
			);
			dependencies = (
				04D7E6C829A64AC0000FDB23 /* PBXTargetDependency */,
			);
			name = war_card_gameUITests;
			productName = war_card_gameUITests;
			productReference = 04D7E6C629A64AC0000FDB23 /* war_card_gameUITests.xctest */;
			productType = "com.apple.product-type.bundle.ui-testing";
		};
/* End PBXNativeTarget section */

/* Begin PBXProject section */
		04D7E6A429A64ABD000FDB23 /* Project object */ = {
			isa = PBXProject;
			attributes = {
				BuildIndependentTargetsInParallel = 1;
				LastSwiftUpdateCheck = 1420;
				LastUpgradeCheck = 1420;
				TargetAttributes = {
					04D7E6AB29A64ABD000FDB23 = {
						CreatedOnToolsVersion = 14.2;
					};
					04D7E6BB29A64AC0000FDB23 = {
						CreatedOnToolsVersion = 14.2;
						TestTargetID = 04D7E6AB29A64ABD000FDB23;
					};
					04D7E6C529A64AC0000FDB23 = {
						CreatedOnToolsVersion = 14.2;
						TestTargetID = 04D7E6AB29A64ABD000FDB23;
					};
				};
			};
			buildConfigurationList = 04D7E6A729A64ABD000FDB23 /* Build configuration list for PBXProject "war_card_game" */;
			compatibilityVersion = "Xcode 14.0";
			developmentRegion = en;
			hasScannedForEncodings = 0;
			knownRegions = (
				en,
				Base,
			);
			mainGroup = 04D7E6A329A64ABD000FDB23;
			productRefGroup = 04D7E6AD29A64ABD000FDB23 /* Products */;
			projectDirPath = "";
			projectRoot = "";
			targets = (
				04D7E6AB29A64ABD000FDB23 /* war_card_game */,
				04D7E6BB29A64AC0000FDB23 /* war_card_gameTests */,
				04D7E6C529A64AC0000FDB23 /* war_card_gameUITests */,
			);
		};
/* End PBXProject section */

/* Begin PBXResourcesBuildPhase section */
		04D7E6AA29A64ABD000FDB23 /* Resources */ = {
			isa = PBXResourcesBuildPhase;
			buildActionMask = 2147483647;
			files = (
				04D7E6B729A64ABF000FDB23 /* Preview Assets.xcassets in Resources */,
				04D7E6B429A64ABF000FDB23 /* Assets.xcassets in Resources */,
			);
			runOnlyForDeploymentPostprocessing = 0;
		};
		04D7E6BA29A64AC0000FDB23 /* Resources */ = {
			isa = PBXResourcesBuildPhase;
			buildActionMask = 2147483647;
			files = (
			);
			runOnlyForDeploymentPostprocessing = 0;
		};
		04D7E6C429A64AC0000FDB23 /* Resources */ = {
			isa = PBXResourcesBuildPhase;
			buildActionMask = 2147483647;
			files = (
			);
			runOnlyForDeploymentPostprocessing = 0;
		};
/* End PBXResourcesBuildPhase section */

/* Begin PBXSourcesBuildPhase section */
		04D7E6A829A64ABD000FDB23 /* Sources */ = {
			isa = PBXSourcesBuildPhase;
			buildActionMask = 2147483647;
			files = (
				04D7E6B229A64ABD000FDB23 /* ContentView.swift in Sources */,
				04D7E6B029A64ABD000FDB23 /* war_card_gameApp.swift in Sources */,
			);
			runOnlyForDeploymentPostprocessing = 0;
		};
		04D7E6B829A64AC0000FDB23 /* Sources */ = {
			isa = PBXSourcesBuildPhase;
			buildActionMask = 2147483647;
			files = (
				04D7E6C129A64AC0000FDB23 /* war_card_gameTests.swift in Sources */,
			);
			runOnlyForDeploymentPostprocessing = 0;
		};
		04D7E6C229A64AC0000FDB23 /* Sources */ = {
			isa = PBXSourcesBuildPhase;
			buildActionMask = 2147483647;
			files = (
				04D7E6CB29A64AC0000FDB23 /* war_card_gameUITests.swift in Sources */,
				04D7E6CD29A64AC0000FDB23 /* war_card_gameUITestsLaunchTests.swift in Sources */,
			);
			runOnlyForDeploymentPostprocessing = 0;
		};
/* End PBXSourcesBuildPhase section */

/* Begin PBXTargetDependency section */
		04D7E6BE29A64AC0000FDB23 /* PBXTargetDependency */ = {
			isa = PBXTargetDependency;
			target = 04D7E6AB29A64ABD000FDB23 /* war_card_game */;
			targetProxy = 04D7E6BD29A64AC0000FDB23 /* PBXContainerItemProxy */;
		};
		04D7E6C829A64AC0000FDB23 /* PBXTargetDependency */ = {
			isa = PBXTargetDependency;
			target = 04D7E6AB29A64ABD000FDB23 /* war_card_game */;
			targetProxy = 04D7E6C729A64AC0000FDB23 /* PBXContainerItemProxy */;
		};
/* End PBXTargetDependency section */

/* Begin XCBuildConfiguration section */
		04D7E6CE29A64AC0000FDB23 /* Debug */ = {
			isa = XCBuildConfiguration;
			buildSettings = {
				ALWAYS_SEARCH_USER_PATHS = NO;
				CLANG_ANALYZER_NONNULL = YES;
				CLANG_ANALYZER_NUMBER_OBJECT_CONVERSION = YES_AGGRESSIVE;
				CLANG_CXX_LANGUAGE_STANDARD = "gnu++20";
				CLANG_ENABLE_MODULES = YES;
				CLANG_ENABLE_OBJC_ARC = YES;
				CLANG_ENABLE_OBJC_WEAK = YES;
				CLANG_WARN_BLOCK_CAPTURE_AUTORELEASING = YES;
				CLANG_WARN_BOOL_CONVERSION = YES;
				CLANG_WARN_COMMA = YES;
				CLANG_WARN_CONSTANT_CONVERSION = YES;
				CLANG_WARN_DEPRECATED_OBJC_IMPLEMENTATIONS = YES;
				CLANG_WARN_DIRECT_OBJC_ISA_USAGE = YES_ERROR;
				CLANG_WARN_DOCUMENTATION_COMMENTS = YES;
				CLANG_WARN_EMPTY_BODY = YES;
				CLANG_WARN_ENUM_CONVERSION = YES;
				CLANG_WARN_INFINITE_RECURSION = YES;
				CLANG_WARN_INT_CONVERSION = YES;
				CLANG_WARN_NON_LITERAL_NULL_CONVERSION = YES;
				CLANG_WARN_OBJC_IMPLICIT_RETAIN_SELF = YES;
				CLANG_WARN_OBJC_LITERAL_CONVERSION = YES;
				CLANG_WARN_OBJC_ROOT_CLASS = YES_ERROR;
				CLANG_WARN_QUOTED_INCLUDE_IN_FRAMEWORK_HEADER = YES;
				CLANG_WARN_RANGE_LOOP_ANALYSIS = YES;
				CLANG_WARN_STRICT_PROTOTYPES = YES;
				CLANG_WARN_SUSPICIOUS_MOVE = YES;
				CLANG_WARN_UNGUARDED_AVAILABILITY = YES_AGGRESSIVE;
				CLANG_WARN_UNREACHABLE_CODE = YES;
				CLANG_WARN__DUPLICATE_METHOD_MATCH = YES;
				COPY_PHASE_STRIP = NO;
				DEBUG_INFORMATION_FORMAT = dwarf;
				ENABLE_STRICT_OBJC_MSGSEND = YES;
				ENABLE_TESTABILITY = YES;
				GCC_C_LANGUAGE_STANDARD = gnu11;
				GCC_DYNAMIC_NO_PIC = NO;
				GCC_NO_COMMON_BLOCKS = YES;
				GCC_OPTIMIZATION_LEVEL = 0;
				GCC_PREPROCESSOR_DEFINITIONS = (
					"DEBUG=1",
					"$(inherited)",
				);
				GCC_WARN_64_TO_32_BIT_CONVERSION = YES;
				GCC_WARN_ABOUT_RETURN_TYPE = YES_ERROR;
				GCC_WARN_UNDECLARED_SELECTOR = YES;
				GCC_WARN_UNINITIALIZED_AUTOS = YES_AGGRESSIVE;
				GCC_WARN_UNUSED_FUNCTION = YES;
				GCC_WARN_UNUSED_VARIABLE = YES;
				IPHONEOS_DEPLOYMENT_TARGET = 16.2;
				MTL_ENABLE_DEBUG_INFO = INCLUDE_SOURCE;
				MTL_FAST_MATH = YES;
				ONLY_ACTIVE_ARCH = YES;
				SDKROOT = iphoneos;
				SWIFT_ACTIVE_COMPILATION_CONDITIONS = DEBUG;
				SWIFT_OPTIMIZATION_LEVEL = "-Onone";
			};
			name = Debug;
		};
		04D7E6CF29A64AC0000FDB23 /* Release */ = {
			isa = XCBuildConfiguration;
			buildSettings = {
				ALWAYS_SEARCH_USER_PATHS = NO;
				CLANG_ANALYZER_NONNULL = YES;
				CLANG_ANALYZER_NUMBER_OBJECT_CONVERSION = YES_AGGRESSIVE;
				CLANG_CXX_LANGUAGE_STANDARD = "gnu++20";
				CLANG_ENABLE_MODULES = YES;
				CLANG_ENABLE_OBJC_ARC = YES;
				CLANG_ENABLE_OBJC_WEAK = YES;
				CLANG_WARN_BLOCK_CAPTURE_AUTORELEASING = YES;
				CLANG_WARN_BOOL_CONVERSION = YES;
				CLANG_WARN_COMMA = YES;
				CLANG_WARN_CONSTANT_CONVERSION = YES;
				CLANG_WARN_DEPRECATED_OBJC_IMPLEMENTATIONS = YES;
				CLANG_WARN_DIRECT_OBJC_ISA_USAGE = YES_ERROR;
				CLANG_WARN_DOCUMENTATION_COMMENTS = YES;
				CLANG_WARN_EMPTY_BODY = YES;
				CLANG_WARN_ENUM_CONVERSION = YES;
				CLANG_WARN_INFINITE_RECURSION = YES;
				CLANG_WARN_INT_CONVERSION = YES;
				CLANG_WARN_NON_LITERAL_NULL_CONVERSION = YES;
				CLANG_WARN_OBJC_IMPLICIT_RETAIN_SELF = YES;
				CLANG_WARN_OBJC_LITERAL_CONVERSION = YES;
				CLANG_WARN_OBJC_ROOT_CLASS = YES_ERROR;
				CLANG_WARN_QUOTED_INCLUDE_IN_FRAMEWORK_HEADER = YES;
				CLANG_WARN_RANGE_LOOP_ANALYSIS = YES;
				CLANG_WARN_STRICT_PROTOTYPES = YES;
				CLANG_WARN_SUSPICIOUS_MOVE = YES;
				CLANG_WARN_UNGUARDED_AVAILABILITY = YES_AGGRESSIVE;
				CLANG_WARN_UNREACHABLE_CODE = YES;
				CLANG_WARN__DUPLICATE_METHOD_MATCH = YES;
				COPY_PHASE_STRIP = NO;
				DEBUG_INFORMATION_FORMAT = "dwarf-with-dsym";
				ENABLE_NS_ASSERTIONS = NO;
				ENABLE_STRICT_OBJC_MSGSEND = YES;
				GCC_C_LANGUAGE_STANDARD = gnu11;
				GCC_NO_COMMON_BLOCKS = YES;
				GCC_WARN_64_TO_32_BIT_CONVERSION = YES;
				GCC_WARN_ABOUT_RETURN_TYPE = YES_ERROR;
				GCC_WARN_UNDECLARED_SELECTOR = YES;
				GCC_WARN_UNINITIALIZED_AUTOS = YES_AGGRESSIVE;
				GCC_WARN_UNUSED_FUNCTION = YES;
				GCC_WARN_UNUSED_VARIABLE = YES;
				IPHONEOS_DEPLOYMENT_TARGET = 16.2;
				MTL_ENABLE_DEBUG_INFO = NO;
				MTL_FAST_MATH = YES;
				SDKROOT = iphoneos;
				SWIFT_COMPILATION_MODE = wholemodule;
				SWIFT_OPTIMIZATION_LEVEL = "-O";
				VALIDATE_PRODUCT = YES;
			};
			name = Release;
		};
		04D7E6D129A64AC0000FDB23 /* Debug */ = {
			isa = XCBuildConfiguration;
			buildSettings = {
				ASSETCATALOG_COMPILER_APPICON_NAME = AppIcon;
				ASSETCATALOG_COMPILER_GLOBAL_ACCENT_COLOR_NAME = AccentColor;
				CODE_SIGN_STYLE = Automatic;
				CURRENT_PROJECT_VERSION = 1;
				DEVELOPMENT_ASSET_PATHS = "\"war_card_game/Preview Content\"";
				DEVELOPMENT_TEAM = LWU8V4B258;
				ENABLE_PREVIEWS = YES;
				GENERATE_INFOPLIST_FILE = YES;
				INFOPLIST_KEY_UIApplicationSceneManifest_Generation = YES;
				INFOPLIST_KEY_UIApplicationSupportsIndirectInputEvents = YES;
				INFOPLIST_KEY_UILaunchScreen_Generation = YES;
				INFOPLIST_KEY_UISupportedInterfaceOrientations_iPad = "UIInterfaceOrientationPortrait UIInterfaceOrientationPortraitUpsideDown UIInterfaceOrientationLandscapeLeft UIInterfaceOrientationLandscapeRight";
				INFOPLIST_KEY_UISupportedInterfaceOrientations_iPhone = "UIInterfaceOrientationPortrait UIInterfaceOrientationLandscapeLeft UIInterfaceOrientationLandscapeRight";
				LD_RUNPATH_SEARCH_PATHS = (
					"$(inherited)",
					"@executable_path/Frameworks",
				);
				MARKETING_VERSION = 1.0;
				PRODUCT_BUNDLE_IDENTIFIER = "com.devAYZ.war-card-game";
				PRODUCT_NAME = "$(TARGET_NAME)";
				SWIFT_EMIT_LOC_STRINGS = YES;
				SWIFT_VERSION = 5.0;
				TARGETED_DEVICE_FAMILY = "1,2";
			};
			name = Debug;
		};
		04D7E6D229A64AC0000FDB23 /* Release */ = {
			isa = XCBuildConfiguration;
			buildSettings = {
				ASSETCATALOG_COMPILER_APPICON_NAME = AppIcon;
				ASSETCATALOG_COMPILER_GLOBAL_ACCENT_COLOR_NAME = AccentColor;
				CODE_SIGN_STYLE = Automatic;
				CURRENT_PROJECT_VERSION = 1;
				DEVELOPMENT_ASSET_PATHS = "\"war_card_game/Preview Content\"";
				DEVELOPMENT_TEAM = LWU8V4B258;
				ENABLE_PREVIEWS = YES;
				GENERATE_INFOPLIST_FILE = YES;
				INFOPLIST_KEY_UIApplicationSceneManifest_Generation = YES;
				INFOPLIST_KEY_UIApplicationSupportsIndirectInputEvents = YES;
				INFOPLIST_KEY_UILaunchScreen_Generation = YES;
				INFOPLIST_KEY_UISupportedInterfaceOrientations_iPad = "UIInterfaceOrientationPortrait UIInterfaceOrientationPortraitUpsideDown UIInterfaceOrientationLandscapeLeft UIInterfaceOrientationLandscapeRight";
				INFOPLIST_KEY_UISupportedInterfaceOrientations_iPhone = "UIInterfaceOrientationPortrait UIInterfaceOrientationLandscapeLeft UIInterfaceOrientationLandscapeRight";
				LD_RUNPATH_SEARCH_PATHS = (
					"$(inherited)",
					"@executable_path/Frameworks",
				);
				MARKETING_VERSION = 1.0;
				PRODUCT_BUNDLE_IDENTIFIER = "com.devAYZ.war-card-game";
				PRODUCT_NAME = "$(TARGET_NAME)";
				SWIFT_EMIT_LOC_STRINGS = YES;
				SWIFT_VERSION = 5.0;
				TARGETED_DEVICE_FAMILY = "1,2";
			};
			name = Release;
		};
		04D7E6D429A64AC0000FDB23 /* Debug */ = {
			isa = XCBuildConfiguration;
			buildSettings = {
				ALWAYS_EMBED_SWIFT_STANDARD_LIBRARIES = YES;
				BUNDLE_LOADER = "$(TEST_HOST)";
				CODE_SIGN_STYLE = Automatic;
				CURRENT_PROJECT_VERSION = 1;
				DEVELOPMENT_TEAM = LWU8V4B258;
				GENERATE_INFOPLIST_FILE = YES;
				IPHONEOS_DEPLOYMENT_TARGET = 16.2;
				MARKETING_VERSION = 1.0;
				PRODUCT_BUNDLE_IDENTIFIER = "com.devAYZ.war-card-gameTests";
				PRODUCT_NAME = "$(TARGET_NAME)";
				SWIFT_EMIT_LOC_STRINGS = NO;
				SWIFT_VERSION = 5.0;
				TARGETED_DEVICE_FAMILY = "1,2";
				TEST_HOST = "$(BUILT_PRODUCTS_DIR)/war_card_game.app/$(BUNDLE_EXECUTABLE_FOLDER_PATH)/war_card_game";
			};
			name = Debug;
		};
		04D7E6D529A64AC0000FDB23 /* Release */ = {
			isa = XCBuildConfiguration;
			buildSettings = {
				ALWAYS_EMBED_SWIFT_STANDARD_LIBRARIES = YES;
				BUNDLE_LOADER = "$(TEST_HOST)";
				CODE_SIGN_STYLE = Automatic;
				CURRENT_PROJECT_VERSION = 1;
				DEVELOPMENT_TEAM = LWU8V4B258;
				GENERATE_INFOPLIST_FILE = YES;
				IPHONEOS_DEPLOYMENT_TARGET = 16.2;
				MARKETING_VERSION = 1.0;
				PRODUCT_BUNDLE_IDENTIFIER = "com.devAYZ.war-card-gameTests";
				PRODUCT_NAME = "$(TARGET_NAME)";
				SWIFT_EMIT_LOC_STRINGS = NO;
				SWIFT_VERSION = 5.0;
				TARGETED_DEVICE_FAMILY = "1,2";
				TEST_HOST = "$(BUILT_PRODUCTS_DIR)/war_card_game.app/$(BUNDLE_EXECUTABLE_FOLDER_PATH)/war_card_game";
			};
			name = Release;
		};
		04D7E6D729A64AC0000FDB23 /* Debug */ = {
			isa = XCBuildConfiguration;
			buildSettings = {
				ALWAYS_EMBED_SWIFT_STANDARD_LIBRARIES = YES;
				CODE_SIGN_STYLE = Automatic;
				CURRENT_PROJECT_VERSION = 1;
				DEVELOPMENT_TEAM = LWU8V4B258;
				GENERATE_INFOPLIST_FILE = YES;
				MARKETING_VERSION = 1.0;
				PRODUCT_BUNDLE_IDENTIFIER = "com.devAYZ.war-card-gameUITests";
				PRODUCT_NAME = "$(TARGET_NAME)";
				SWIFT_EMIT_LOC_STRINGS = NO;
				SWIFT_VERSION = 5.0;
				TARGETED_DEVICE_FAMILY = "1,2";
				TEST_TARGET_NAME = war_card_game;
			};
			name = Debug;
		};
		04D7E6D829A64AC0000FDB23 /* Release */ = {
			isa = XCBuildConfiguration;
			buildSettings = {
				ALWAYS_EMBED_SWIFT_STANDARD_LIBRARIES = YES;
				CODE_SIGN_STYLE = Automatic;
				CURRENT_PROJECT_VERSION = 1;
				DEVELOPMENT_TEAM = LWU8V4B258;
				GENERATE_INFOPLIST_FILE = YES;
				MARKETING_VERSION = 1.0;
				PRODUCT_BUNDLE_IDENTIFIER = "com.devAYZ.war-card-gameUITests";
				PRODUCT_NAME = "$(TARGET_NAME)";
				SWIFT_EMIT_LOC_STRINGS = NO;
				SWIFT_VERSION = 5.0;
				TARGETED_DEVICE_FAMILY = "1,2";
				TEST_TARGET_NAME = war_card_game;
			};
			name = Release;
		};
/* End XCBuildConfiguration section */

/* Begin XCConfigurationList section */
		04D7E6A729A64ABD000FDB23 /* Build configuration list for PBXProject "war_card_game" */ = {
			isa = XCConfigurationList;
			buildConfigurations = (
				04D7E6CE29A64AC0000FDB23 /* Debug */,
				04D7E6CF29A64AC0000FDB23 /* Release */,
			);
			defaultConfigurationIsVisible = 0;
			defaultConfigurationName = Release;
		};
		04D7E6D029A64AC0000FDB23 /* Build configuration list for PBXNativeTarget "war_card_game" */ = {
			isa = XCConfigurationList;
			buildConfigurations = (
				04D7E6D129A64AC0000FDB23 /* Debug */,
				04D7E6D229A64AC0000FDB23 /* Release */,
			);
			defaultConfigurationIsVisible = 0;
			defaultConfigurationName = Release;
		};
		04D7E6D329A64AC0000FDB23 /* Build configuration list for PBXNativeTarget "war_card_gameTests" */ = {
			isa = XCConfigurationList;
			buildConfigurations = (
				04D7E6D429A64AC0000FDB23 /* Debug */,
				04D7E6D529A64AC0000FDB23 /* Release */,
			);
			defaultConfigurationIsVisible = 0;
			defaultConfigurationName = Release;
		};
		04D7E6D629A64AC0000FDB23 /* Build configuration list for PBXNativeTarget "war_card_gameUITests" */ = {
			isa = XCConfigurationList;
			buildConfigurations = (
				04D7E6D729A64AC0000FDB23 /* Debug */,
				04D7E6D829A64AC0000FDB23 /* Release */,
			);
			defaultConfigurationIsVisible = 0;
			defaultConfigurationName = Release;
		};
/* End XCConfigurationList section */
	};
	rootObject = 04D7E6A429A64ABD000FDB23 /* Project object */;
}
